{
  "name": "web_interface",
  "lockfileVersion": 3,
  "requires": true,
  "packages": {
    "": {
      "devDependencies": {
        "@types/roslib": "^1.3.5"
      }
    },
    "node_modules/@types/roslib": {
      "version": "1.3.5",
      "resolved": "https://registry.npmjs.org/@types/roslib/-/roslib-1.3.5.tgz",
      "integrity": "sha512-rye0xL6oZQFUaC79PXpM6zhYflpHuMTiEdEYkra5psBbTQ+m049UKMXzBFci8UgptULG+CB86wJBjD9q3WB5rw==",
      "dev": true,
      "license": "MIT",
      "dependencies": {
        "eventemitter2": "^6.4.0"
      }
    },
    "node_modules/eventemitter2": {
      "version": "6.4.9",
      "resolved": "https://registry.npmjs.org/eventemitter2/-/eventemitter2-6.4.9.tgz",
      "integrity": "sha512-JEPTiaOt9f04oa6NOkc4aH+nVp5I3wEjpHbIPqfgCdD5v5bUzy7xQqwcVO2aDQgOWhI28da57HksMrzK9HlRxg==",
      "dev": true,
      "license": "MIT"
    }
  }
}
